
Microsoft Visual Studio Solution File, Format Version 11.00
# Visual C++ Express 2010
Project("{8BC9CEB8-8B4A-11D0-8D11-00A0C91BC942}") = "大连理工大学校园疫情防控信息管理系统", "大连理工大学校园疫情防控信息管理系统\大连理工大学校园疫情防控信息管理系统.vcxproj", "{58B7AC91-65C3-428D-B077-EDB6E8BF39C2}"
EndProject
Global
	GlobalSection(SolutionConfigurationPlatforms) = preSolution
		Debug|Win32 = Debug|Win32
		Release|Win32 = Release|Win32
	EndGlobalSection
	GlobalSection(ProjectConfigurationPlatforms) = postSolution
		{58B7AC91-65C3-428D-B077-EDB6E8BF39C2}.Debug|Win32.ActiveCfg = Debug|Win32
		{58B7AC91-65C3-428D-B077-EDB6E8BF39C2}.Debug|Win32.Build.0 = Debug|Win32
		{58B7AC91-65C3-428D-B077-EDB6E8BF39C2}.Release|Win32.ActiveCfg = Release|Win32
		{58B7AC91-65C3-428D-B077-EDB6E8BF39C2}.Release|Win32.Build.0 = Release|Win32
	EndGlobalSection
	GlobalSection(SolutionProperties) = preSolution
		HideSolutionNode = FALSE
	EndGlobalSection
EndGlobal
